
Microsoft Visual Studio Solution File, Format Version 12.00
# Visual Studio Version 16
VisualStudioVersion = 16.0.31424.327
MinimumVisualStudioVersion = 10.0.40219.1
Project("{FAE04EC0-301F-11D3-BF4B-00C04F79EFBC}") = "GameDataCollector.Android", "GameDataCollector\GameDataCollector.Android\GameDataCollector.Android.csproj", "{A9576AC2-1B8B-47E4-B53D-46A888303710}"
EndProject
Project("{9A19103F-16F7-4668-BE54-9A1E7A4F7556}") = "GameDataCollector", "GameDataCollector\GameDataCollector\GameDataCollector.csproj", "{E1DAB6EE-23C2-41FA-86B9-C196DC2D8131}"
EndProject
Project("{9A19103F-16F7-4668-BE54-9A1E7A4F7556}") = "TestKonsole", "TestKonsole\TestKonsole.csproj", "{C1E80201-013B-4DC5-8804-A7F63CF106EE}"
EndProject
Project("{2150E333-8FDC-42A3-9474-1A3956D46DE8}") = "UI", "UI", "{C911243C-3E54-4CDB-B6B4-391E25AA2581}"
EndProject
Project("{2150E333-8FDC-42A3-9474-1A3956D46DE8}") = "Logic", "Logic", "{4EF80E51-2C8B-4F3D-9456-58ECA667B1CA}"
EndProject
Project("{2150E333-8FDC-42A3-9474-1A3956D46DE8}") = "Business", "Business", "{031B5FC0-6496-43B8-BC18-977213D4061D}"
EndProject
Project("{2150E333-8FDC-42A3-9474-1A3956D46DE8}") = "Domain", "Domain", "{411D915E-5136-4791-BD0A-AD69694220D4}"
EndProject
Project("{9A19103F-16F7-4668-BE54-9A1E7A4F7556}") = "DataClasses", "DataClasses\DataClasses.csproj", "{983491C8-13CE-4074-9A07-3C737FD365E3}"
EndProject
Project("{9A19103F-16F7-4668-BE54-9A1E7A4F7556}") = "GameDataCollectorWorkflow", "GameDataCollectorWorkflow\GameDataCollectorWorkflow.csproj", "{0608774B-98EA-4170-A47B-5D59E7D641D8}"
EndProject
Project("{9A19103F-16F7-4668-BE54-9A1E7A4F7556}") = "GameDataCollectorWorkflow.Contract", "GameDataCollectorWorkflow.Contract\GameDataCollectorWorkflow.Contract.csproj", "{9D675C27-F9E9-4424-BB35-5BA0AFD2F5B5}"
EndProject
Project("{2150E333-8FDC-42A3-9474-1A3956D46DE8}") = "CrossCutting", "CrossCutting", "{26B0725C-1D7C-420A-A96D-6BDD7DF4716C}"
EndProject
Project("{9A19103F-16F7-4668-BE54-9A1E7A4F7556}") = "Enums", "Enums\Enums.csproj", "{0DEC793B-A8BA-4040-ACFE-9728CD58C110}"
EndProject
Project("{9A19103F-16F7-4668-BE54-9A1E7A4F7556}") = "DataManaging", "DataManaging\DataManaging.csproj", "{48804FFC-86F5-4EC1-A13F-239596CD5220}"
EndProject
Project("{9A19103F-16F7-4668-BE54-9A1E7A4F7556}") = "DataManaging.Contract", "DataManaging.Contract\DataManaging.Contract.csproj", "{BA0AA062-9B0C-4737-84D1-D3E2E871D4FC}"
EndProject
Project("{9A19103F-16F7-4668-BE54-9A1E7A4F7556}") = "DataManaging.Test", "DataManaging.Test\DataManaging.Test.csproj", "{77E9B2C1-3151-4121-B5A8-267A54D09C4C}"
EndProject
Project("{9A19103F-16F7-4668-BE54-9A1E7A4F7556}") = "Infrastructure", "Infrastructure\Infrastructure.csproj", "{057C0030-2C73-4569-8CBC-EEFD4579C480}"
EndProject
Project("{FAE04EC0-301F-11D3-BF4B-00C04F79EFBC}") = "ViewModels", "ViewModels\ViewModels.csproj", "{8A7A119A-DD47-4B2F-920D-9A8AFE2B47AF}"
EndProject
Project("{FAE04EC0-301F-11D3-BF4B-00C04F79EFBC}") = "ViewModels.Contract", "ViewModelsContract\ViewModels.Contract.csproj", "{7EF11067-B20C-444C-9316-2BF1AE9FDF7D}"
EndProject
Project("{2150E333-8FDC-42A3-9474-1A3956D46DE8}") = "ViewModelProj", "ViewModelProj", "{34968BDC-409C-4CB1-B4EE-2396F6A03F1C}"
EndProject
Global
	GlobalSection(SolutionConfigurationPlatforms) = preSolution
		Debug|Any CPU = Debug|Any CPU
		Release|Any CPU = Release|Any CPU
	EndGlobalSection
	GlobalSection(ProjectConfigurationPlatforms) = postSolution
		{A9576AC2-1B8B-47E4-B53D-46A888303710}.Debug|Any CPU.ActiveCfg = Debug|Any CPU
		{A9576AC2-1B8B-47E4-B53D-46A888303710}.Debug|Any CPU.Build.0 = Debug|Any CPU
		{A9576AC2-1B8B-47E4-B53D-46A888303710}.Debug|Any CPU.Deploy.0 = Debug|Any CPU
		{A9576AC2-1B8B-47E4-B53D-46A888303710}.Release|Any CPU.ActiveCfg = Release|Any CPU
		{A9576AC2-1B8B-47E4-B53D-46A888303710}.Release|Any CPU.Build.0 = Release|Any CPU
		{A9576AC2-1B8B-47E4-B53D-46A888303710}.Release|Any CPU.Deploy.0 = Release|Any CPU
		{E1DAB6EE-23C2-41FA-86B9-C196DC2D8131}.Debug|Any CPU.ActiveCfg = Debug|Any CPU
		{E1DAB6EE-23C2-41FA-86B9-C196DC2D8131}.Debug|Any CPU.Build.0 = Debug|Any CPU
		{E1DAB6EE-23C2-41FA-86B9-C196DC2D8131}.Debug|Any CPU.Deploy.0 = Debug|Any CPU
		{E1DAB6EE-23C2-41FA-86B9-C196DC2D8131}.Release|Any CPU.ActiveCfg = Release|Any CPU
		{E1DAB6EE-23C2-41FA-86B9-C196DC2D8131}.Release|Any CPU.Build.0 = Release|Any CPU
		{E1DAB6EE-23C2-41FA-86B9-C196DC2D8131}.Release|Any CPU.Deploy.0 = Release|Any CPU
		{C1E80201-013B-4DC5-8804-A7F63CF106EE}.Debug|Any CPU.ActiveCfg = Debug|Any CPU
		{C1E80201-013B-4DC5-8804-A7F63CF106EE}.Debug|Any CPU.Build.0 = Debug|Any CPU
		{C1E80201-013B-4DC5-8804-A7F63CF106EE}.Release|Any CPU.ActiveCfg = Release|Any CPU
		{C1E80201-013B-4DC5-8804-A7F63CF106EE}.Release|Any CPU.Build.0 = Release|Any CPU
		{983491C8-13CE-4074-9A07-3C737FD365E3}.Debug|Any CPU.ActiveCfg = Debug|Any CPU
		{983491C8-13CE-4074-9A07-3C737FD365E3}.Debug|Any CPU.Build.0 = Debug|Any CPU
		{983491C8-13CE-4074-9A07-3C737FD365E3}.Release|Any CPU.ActiveCfg = Release|Any CPU
		{983491C8-13CE-4074-9A07-3C737FD365E3}.Release|Any CPU.Build.0 = Release|Any CPU
		{0608774B-98EA-4170-A47B-5D59E7D641D8}.Debug|Any CPU.ActiveCfg = Debug|Any CPU
		{0608774B-98EA-4170-A47B-5D59E7D641D8}.Debug|Any CPU.Build.0 = Debug|Any CPU
		{0608774B-98EA-4170-A47B-5D59E7D641D8}.Release|Any CPU.ActiveCfg = Release|Any CPU
		{0608774B-98EA-4170-A47B-5D59E7D641D8}.Release|Any CPU.Build.0 = Release|Any CPU
		{9D675C27-F9E9-4424-BB35-5BA0AFD2F5B5}.Debug|Any CPU.ActiveCfg = Debug|Any CPU
		{9D675C27-F9E9-4424-BB35-5BA0AFD2F5B5}.Debug|Any CPU.Build.0 = Debug|Any CPU
		{9D675C27-F9E9-4424-BB35-5BA0AFD2F5B5}.Release|Any CPU.ActiveCfg = Release|Any CPU
		{9D675C27-F9E9-4424-BB35-5BA0AFD2F5B5}.Release|Any CPU.Build.0 = Release|Any CPU
		{0DEC793B-A8BA-4040-ACFE-9728CD58C110}.Debug|Any CPU.ActiveCfg = Debug|Any CPU
		{0DEC793B-A8BA-4040-ACFE-9728CD58C110}.Debug|Any CPU.Build.0 = Debug|Any CPU
		{0DEC793B-A8BA-4040-ACFE-9728CD58C110}.Release|Any CPU.ActiveCfg = Release|Any CPU
		{0DEC793B-A8BA-4040-ACFE-9728CD58C110}.Release|Any CPU.Build.0 = Release|Any CPU
		{48804FFC-86F5-4EC1-A13F-239596CD5220}.Debug|Any CPU.ActiveCfg = Debug|Any CPU
		{48804FFC-86F5-4EC1-A13F-239596CD5220}.Debug|Any CPU.Build.0 = Debug|Any CPU
		{48804FFC-86F5-4EC1-A13F-239596CD5220}.Release|Any CPU.ActiveCfg = Release|Any CPU
		{48804FFC-86F5-4EC1-A13F-239596CD5220}.Release|Any CPU.Build.0 = Release|Any CPU
		{BA0AA062-9B0C-4737-84D1-D3E2E871D4FC}.Debug|Any CPU.ActiveCfg = Debug|Any CPU
		{BA0AA062-9B0C-4737-84D1-D3E2E871D4FC}.Debug|Any CPU.Build.0 = Debug|Any CPU
		{BA0AA062-9B0C-4737-84D1-D3E2E871D4FC}.Release|Any CPU.ActiveCfg = Release|Any CPU
		{BA0AA062-9B0C-4737-84D1-D3E2E871D4FC}.Release|Any CPU.Build.0 = Release|Any CPU
		{77E9B2C1-3151-4121-B5A8-267A54D09C4C}.Debug|Any CPU.ActiveCfg = Debug|Any CPU
		{77E9B2C1-3151-4121-B5A8-267A54D09C4C}.Debug|Any CPU.Build.0 = Debug|Any CPU
		{77E9B2C1-3151-4121-B5A8-267A54D09C4C}.Release|Any CPU.ActiveCfg = Release|Any CPU
		{77E9B2C1-3151-4121-B5A8-267A54D09C4C}.Release|Any CPU.Build.0 = Release|Any CPU
		{057C0030-2C73-4569-8CBC-EEFD4579C480}.Debug|Any CPU.ActiveCfg = Debug|Any CPU
		{057C0030-2C73-4569-8CBC-EEFD4579C480}.Debug|Any CPU.Build.0 = Debug|Any CPU
		{057C0030-2C73-4569-8CBC-EEFD4579C480}.Release|Any CPU.ActiveCfg = Release|Any CPU
		{057C0030-2C73-4569-8CBC-EEFD4579C480}.Release|Any CPU.Build.0 = Release|Any CPU
		{8A7A119A-DD47-4B2F-920D-9A8AFE2B47AF}.Debug|Any CPU.ActiveCfg = Debug|Any CPU
		{8A7A119A-DD47-4B2F-920D-9A8AFE2B47AF}.Debug|Any CPU.Build.0 = Debug|Any CPU
		{8A7A119A-DD47-4B2F-920D-9A8AFE2B47AF}.Release|Any CPU.ActiveCfg = Release|Any CPU
		{8A7A119A-DD47-4B2F-920D-9A8AFE2B47AF}.Release|Any CPU.Build.0 = Release|Any CPU
		{7EF11067-B20C-444C-9316-2BF1AE9FDF7D}.Debug|Any CPU.ActiveCfg = Debug|Any CPU
		{7EF11067-B20C-444C-9316-2BF1AE9FDF7D}.Debug|Any CPU.Build.0 = Debug|Any CPU
		{7EF11067-B20C-444C-9316-2BF1AE9FDF7D}.Release|Any CPU.ActiveCfg = Release|Any CPU
		{7EF11067-B20C-444C-9316-2BF1AE9FDF7D}.Release|Any CPU.Build.0 = Release|Any CPU
	EndGlobalSection
	GlobalSection(SolutionProperties) = preSolution
		HideSolutionNode = FALSE
	EndGlobalSection
	GlobalSection(NestedProjects) = preSolution
		{A9576AC2-1B8B-47E4-B53D-46A888303710} = {C911243C-3E54-4CDB-B6B4-391E25AA2581}
		{E1DAB6EE-23C2-41FA-86B9-C196DC2D8131} = {C911243C-3E54-4CDB-B6B4-391E25AA2581}
		{C1E80201-013B-4DC5-8804-A7F63CF106EE} = {C911243C-3E54-4CDB-B6B4-391E25AA2581}
		{031B5FC0-6496-43B8-BC18-977213D4061D} = {4EF80E51-2C8B-4F3D-9456-58ECA667B1CA}
		{411D915E-5136-4791-BD0A-AD69694220D4} = {4EF80E51-2C8B-4F3D-9456-58ECA667B1CA}
		{983491C8-13CE-4074-9A07-3C737FD365E3} = {26B0725C-1D7C-420A-A96D-6BDD7DF4716C}
		{0608774B-98EA-4170-A47B-5D59E7D641D8} = {031B5FC0-6496-43B8-BC18-977213D4061D}
		{9D675C27-F9E9-4424-BB35-5BA0AFD2F5B5} = {031B5FC0-6496-43B8-BC18-977213D4061D}
		{0DEC793B-A8BA-4040-ACFE-9728CD58C110} = {26B0725C-1D7C-420A-A96D-6BDD7DF4716C}
		{48804FFC-86F5-4EC1-A13F-239596CD5220} = {411D915E-5136-4791-BD0A-AD69694220D4}
		{BA0AA062-9B0C-4737-84D1-D3E2E871D4FC} = {411D915E-5136-4791-BD0A-AD69694220D4}
		{77E9B2C1-3151-4121-B5A8-267A54D09C4C} = {411D915E-5136-4791-BD0A-AD69694220D4}
		{057C0030-2C73-4569-8CBC-EEFD4579C480} = {C911243C-3E54-4CDB-B6B4-391E25AA2581}
		{8A7A119A-DD47-4B2F-920D-9A8AFE2B47AF} = {34968BDC-409C-4CB1-B4EE-2396F6A03F1C}
		{7EF11067-B20C-444C-9316-2BF1AE9FDF7D} = {34968BDC-409C-4CB1-B4EE-2396F6A03F1C}
		{34968BDC-409C-4CB1-B4EE-2396F6A03F1C} = {C911243C-3E54-4CDB-B6B4-391E25AA2581}
	EndGlobalSection
	GlobalSection(ExtensibilityGlobals) = postSolution
		SolutionGuid = {60C749EC-87B3-4760-A488-C0952807AB30}
	EndGlobalSection
EndGlobal
