
Microsoft Visual Studio Solution File, Format Version 12.00
# Visual Studio Version 16
VisualStudioVersion = 16.0.31424.327
MinimumVisualStudioVersion = 10.0.40219.1
Project("{FAE04EC0-301F-11D3-BF4B-00C04F79EFBC}") = "GameDataCollector.Android", "GameDataCollector\GameDataCollector.Android\GameDataCollector.Android.csproj", "{A9576AC2-1B8B-47E4-B53D-46A888303710}"
EndProject
Project("{9A19103F-16F7-4668-BE54-9A1E7A4F7556}") = "GameDataCollector", "GameDataCollector\GameDataCollector\GameDataCollector.csproj", "{E1DAB6EE-23C2-41FA-86B9-C196DC2D8131}"
EndProject
Project("{9A19103F-16F7-4668-BE54-9A1E7A4F7556}") = "TestKonsole", "TestKonsole\TestKonsole.csproj", "{C1E80201-013B-4DC5-8804-A7F63CF106EE}"
EndProject
Project("{2150E333-8FDC-42A3-9474-1A3956D46DE8}") = "UI", "UI", "{C911243C-3E54-4CDB-B6B4-391E25AA2581}"
EndProject
Project("{2150E333-8FDC-42A3-9474-1A3956D46DE8}") = "Logic", "Logic", "{4EF80E51-2C8B-4F3D-9456-58ECA667B1CA}"
EndProject
Project("{2150E333-8FDC-42A3-9474-1A3956D46DE8}") = "Business", "Business", "{031B5FC0-6496-43B8-BC18-977213D4061D}"
EndProject
Project("{2150E333-8FDC-42A3-9474-1A3956D46DE8}") = "Domain", "Domain", "{411D915E-5136-4791-BD0A-AD69694220D4}"
EndProject
Project("{2150E333-8FDC-42A3-9474-1A3956D46DE8}") = "Data", "Data", "{8AB47340-C6AA-42DB-87E9-69CE8339DA5A}"
EndProject
Project("{9A19103F-16F7-4668-BE54-9A1E7A4F7556}") = "DataClasses", "DataClasses\DataClasses.csproj", "{983491C8-13CE-4074-9A07-3C737FD365E3}"
EndProject
Project("{9A19103F-16F7-4668-BE54-9A1E7A4F7556}") = "GameDataCollectorWorkflow", "GameDataCollectorWorkflow\GameDataCollectorWorkflow.csproj", "{0608774B-98EA-4170-A47B-5D59E7D641D8}"
EndProject
Project("{9A19103F-16F7-4668-BE54-9A1E7A4F7556}") = "GameDataCollectorWorkflow.Contract", "GameDataCollectorWorkflow.Contract\GameDataCollectorWorkflow.Contract.csproj", "{9D675C27-F9E9-4424-BB35-5BA0AFD2F5B5}"
EndProject
Project("{9A19103F-16F7-4668-BE54-9A1E7A4F7556}") = "DataHandling", "DataHandling\DataHandling.csproj", "{543DEDEB-AF7C-48B3-B2C3-FDCBCDF7A1CB}"
EndProject
Project("{9A19103F-16F7-4668-BE54-9A1E7A4F7556}") = "DataHandling.Contract", "DataHandling.Contract\DataHandling.Contract.csproj", "{467EA014-46B4-4899-81A9-8C8DA7871198}"
EndProject
Project("{FAE04EC0-301F-11D3-BF4B-00C04F79EFBC}") = "DataHandling.Test", "DataHandling.Test\DataHandling.Test.csproj", "{7B67C2B3-9035-4A5A-8BF1-01280D43D7A8}"
EndProject
Project("{FAE04EC0-301F-11D3-BF4B-00C04F79EFBC}") = "GameDataCollectorWorkflow.Test", "GameDataCollectorWorkflow.Test\GameDataCollectorWorkflow.Test.csproj", "{B0920885-0251-490A-989C-52746490BA56}"
EndProject
Global
	GlobalSection(SolutionConfigurationPlatforms) = preSolution
		Debug|Any CPU = Debug|Any CPU
		Release|Any CPU = Release|Any CPU
	EndGlobalSection
	GlobalSection(ProjectConfigurationPlatforms) = postSolution
		{A9576AC2-1B8B-47E4-B53D-46A888303710}.Debug|Any CPU.ActiveCfg = Debug|Any CPU
		{A9576AC2-1B8B-47E4-B53D-46A888303710}.Debug|Any CPU.Build.0 = Debug|Any CPU
		{A9576AC2-1B8B-47E4-B53D-46A888303710}.Debug|Any CPU.Deploy.0 = Debug|Any CPU
		{A9576AC2-1B8B-47E4-B53D-46A888303710}.Release|Any CPU.ActiveCfg = Release|Any CPU
		{A9576AC2-1B8B-47E4-B53D-46A888303710}.Release|Any CPU.Build.0 = Release|Any CPU
		{A9576AC2-1B8B-47E4-B53D-46A888303710}.Release|Any CPU.Deploy.0 = Release|Any CPU
		{E1DAB6EE-23C2-41FA-86B9-C196DC2D8131}.Debug|Any CPU.ActiveCfg = Debug|Any CPU
		{E1DAB6EE-23C2-41FA-86B9-C196DC2D8131}.Debug|Any CPU.Build.0 = Debug|Any CPU
		{E1DAB6EE-23C2-41FA-86B9-C196DC2D8131}.Debug|Any CPU.Deploy.0 = Debug|Any CPU
		{E1DAB6EE-23C2-41FA-86B9-C196DC2D8131}.Release|Any CPU.ActiveCfg = Release|Any CPU
		{E1DAB6EE-23C2-41FA-86B9-C196DC2D8131}.Release|Any CPU.Build.0 = Release|Any CPU
		{E1DAB6EE-23C2-41FA-86B9-C196DC2D8131}.Release|Any CPU.Deploy.0 = Release|Any CPU
		{C1E80201-013B-4DC5-8804-A7F63CF106EE}.Debug|Any CPU.ActiveCfg = Debug|Any CPU
		{C1E80201-013B-4DC5-8804-A7F63CF106EE}.Debug|Any CPU.Build.0 = Debug|Any CPU
		{C1E80201-013B-4DC5-8804-A7F63CF106EE}.Release|Any CPU.ActiveCfg = Release|Any CPU
		{C1E80201-013B-4DC5-8804-A7F63CF106EE}.Release|Any CPU.Build.0 = Release|Any CPU
		{983491C8-13CE-4074-9A07-3C737FD365E3}.Debug|Any CPU.ActiveCfg = Debug|Any CPU
		{983491C8-13CE-4074-9A07-3C737FD365E3}.Debug|Any CPU.Build.0 = Debug|Any CPU
		{983491C8-13CE-4074-9A07-3C737FD365E3}.Release|Any CPU.ActiveCfg = Release|Any CPU
		{983491C8-13CE-4074-9A07-3C737FD365E3}.Release|Any CPU.Build.0 = Release|Any CPU
		{0608774B-98EA-4170-A47B-5D59E7D641D8}.Debug|Any CPU.ActiveCfg = Debug|Any CPU
		{0608774B-98EA-4170-A47B-5D59E7D641D8}.Debug|Any CPU.Build.0 = Debug|Any CPU
		{0608774B-98EA-4170-A47B-5D59E7D641D8}.Release|Any CPU.ActiveCfg = Release|Any CPU
		{0608774B-98EA-4170-A47B-5D59E7D641D8}.Release|Any CPU.Build.0 = Release|Any CPU
		{9D675C27-F9E9-4424-BB35-5BA0AFD2F5B5}.Debug|Any CPU.ActiveCfg = Debug|Any CPU
		{9D675C27-F9E9-4424-BB35-5BA0AFD2F5B5}.Debug|Any CPU.Build.0 = Debug|Any CPU
		{9D675C27-F9E9-4424-BB35-5BA0AFD2F5B5}.Release|Any CPU.ActiveCfg = Release|Any CPU
		{9D675C27-F9E9-4424-BB35-5BA0AFD2F5B5}.Release|Any CPU.Build.0 = Release|Any CPU
		{543DEDEB-AF7C-48B3-B2C3-FDCBCDF7A1CB}.Debug|Any CPU.ActiveCfg = Debug|Any CPU
		{543DEDEB-AF7C-48B3-B2C3-FDCBCDF7A1CB}.Debug|Any CPU.Build.0 = Debug|Any CPU
		{543DEDEB-AF7C-48B3-B2C3-FDCBCDF7A1CB}.Release|Any CPU.ActiveCfg = Release|Any CPU
		{543DEDEB-AF7C-48B3-B2C3-FDCBCDF7A1CB}.Release|Any CPU.Build.0 = Release|Any CPU
		{467EA014-46B4-4899-81A9-8C8DA7871198}.Debug|Any CPU.ActiveCfg = Debug|Any CPU
		{467EA014-46B4-4899-81A9-8C8DA7871198}.Debug|Any CPU.Build.0 = Debug|Any CPU
		{467EA014-46B4-4899-81A9-8C8DA7871198}.Release|Any CPU.ActiveCfg = Release|Any CPU
		{467EA014-46B4-4899-81A9-8C8DA7871198}.Release|Any CPU.Build.0 = Release|Any CPU
		{7B67C2B3-9035-4A5A-8BF1-01280D43D7A8}.Debug|Any CPU.ActiveCfg = Debug|Any CPU
		{7B67C2B3-9035-4A5A-8BF1-01280D43D7A8}.Debug|Any CPU.Build.0 = Debug|Any CPU
		{7B67C2B3-9035-4A5A-8BF1-01280D43D7A8}.Release|Any CPU.ActiveCfg = Release|Any CPU
		{7B67C2B3-9035-4A5A-8BF1-01280D43D7A8}.Release|Any CPU.Build.0 = Release|Any CPU
		{B0920885-0251-490A-989C-52746490BA56}.Debug|Any CPU.ActiveCfg = Debug|Any CPU
		{B0920885-0251-490A-989C-52746490BA56}.Debug|Any CPU.Build.0 = Debug|Any CPU
		{B0920885-0251-490A-989C-52746490BA56}.Release|Any CPU.ActiveCfg = Release|Any CPU
		{B0920885-0251-490A-989C-52746490BA56}.Release|Any CPU.Build.0 = Release|Any CPU
	EndGlobalSection
	GlobalSection(SolutionProperties) = preSolution
		HideSolutionNode = FALSE
	EndGlobalSection
	GlobalSection(NestedProjects) = preSolution
		{A9576AC2-1B8B-47E4-B53D-46A888303710} = {C911243C-3E54-4CDB-B6B4-391E25AA2581}
		{E1DAB6EE-23C2-41FA-86B9-C196DC2D8131} = {C911243C-3E54-4CDB-B6B4-391E25AA2581}
		{C1E80201-013B-4DC5-8804-A7F63CF106EE} = {C911243C-3E54-4CDB-B6B4-391E25AA2581}
		{031B5FC0-6496-43B8-BC18-977213D4061D} = {4EF80E51-2C8B-4F3D-9456-58ECA667B1CA}
		{411D915E-5136-4791-BD0A-AD69694220D4} = {4EF80E51-2C8B-4F3D-9456-58ECA667B1CA}
		{983491C8-13CE-4074-9A07-3C737FD365E3} = {8AB47340-C6AA-42DB-87E9-69CE8339DA5A}
		{0608774B-98EA-4170-A47B-5D59E7D641D8} = {031B5FC0-6496-43B8-BC18-977213D4061D}
		{9D675C27-F9E9-4424-BB35-5BA0AFD2F5B5} = {031B5FC0-6496-43B8-BC18-977213D4061D}
		{543DEDEB-AF7C-48B3-B2C3-FDCBCDF7A1CB} = {411D915E-5136-4791-BD0A-AD69694220D4}
		{467EA014-46B4-4899-81A9-8C8DA7871198} = {411D915E-5136-4791-BD0A-AD69694220D4}
		{7B67C2B3-9035-4A5A-8BF1-01280D43D7A8} = {411D915E-5136-4791-BD0A-AD69694220D4}
		{B0920885-0251-490A-989C-52746490BA56} = {031B5FC0-6496-43B8-BC18-977213D4061D}
	EndGlobalSection
	GlobalSection(ExtensibilityGlobals) = postSolution
		SolutionGuid = {60C749EC-87B3-4760-A488-C0952807AB30}
	EndGlobalSection
EndGlobal
